// !$*UTF8*$!
{
	archiveVersion = 1;
	classes = {
	};
	objectVersion = 48;
	objects = {

/* Begin PBXBuildFile section */
		7D9F8A731F9926FE002DB4B3 /* WeatherTableViewCell.swift in Sources */ = {isa = PBXBuildFile; fileRef = 7D9F8A721F9926FE002DB4B3 /* WeatherTableViewCell.swift */; };
		7D9F8A761F992DCD002DB4B3 /* WeatherModel.swift in Sources */ = {isa = PBXBuildFile; fileRef = 7D9F8A751F992DCD002DB4B3 /* WeatherModel.swift */; };
		7DE858AC1F97DE53005EC540 /* AppDelegate.swift in Sources */ = {isa = PBXBuildFile; fileRef = 7DE858AB1F97DE53005EC540 /* AppDelegate.swift */; };
		7DE858AE1F97DE53005EC540 /* ViewController.swift in Sources */ = {isa = PBXBuildFile; fileRef = 7DE858AD1F97DE53005EC540 /* ViewController.swift */; };
		7DE858B11F97DE53005EC540 /* Main.storyboard in Resources */ = {isa = PBXBuildFile; fileRef = 7DE858AF1F97DE53005EC540 /* Main.storyboard */; };
		7DE858B41F97DE53005EC540 /* WeatherExample.xcdatamodeld in Sources */ = {isa = PBXBuildFile; fileRef = 7DE858B21F97DE53005EC540 /* WeatherExample.xcdatamodeld */; };
		7DE858B61F97DE53005EC540 /* Assets.xcassets in Resources */ = {isa = PBXBuildFile; fileRef = 7DE858B51F97DE53005EC540 /* Assets.xcassets */; };
		7DE858B91F97DE53005EC540 /* LaunchScreen.storyboard in Resources */ = {isa = PBXBuildFile; fileRef = 7DE858B71F97DE53005EC540 /* LaunchScreen.storyboard */; };
		A8AA2EED07C7D5B76BE69F38 /* Pods_WeatherExample.framework in Frameworks */ = {isa = PBXBuildFile; fileRef = 17CC2F0817C94ECB4282E7FA /* Pods_WeatherExample.framework */; };
/* End PBXBuildFile section */

/* Begin PBXFileReference section */
		0F94E6DE8657A5F1B4E12D1C /* Pods-WeatherExample.release.xcconfig */ = {isa = PBXFileReference; includeInIndex = 1; lastKnownFileType = text.xcconfig; name = "Pods-WeatherExample.release.xcconfig"; path = "Pods/Target Support Files/Pods-WeatherExample/Pods-WeatherExample.release.xcconfig"; sourceTree = "<group>"; };
		17CC2F0817C94ECB4282E7FA /* Pods_WeatherExample.framework */ = {isa = PBXFileReference; explicitFileType = wrapper.framework; includeInIndex = 0; path = Pods_WeatherExample.framework; sourceTree = BUILT_PRODUCTS_DIR; };
		3EE8F7E31A890141F72CCD65 /* Pods-WeatherExample.debug.xcconfig */ = {isa = PBXFileReference; includeInIndex = 1; lastKnownFileType = text.xcconfig; name = "Pods-WeatherExample.debug.xcconfig"; path = "Pods/Target Support Files/Pods-WeatherExample/Pods-WeatherExample.debug.xcconfig"; sourceTree = "<group>"; };
		7D6DDCF21F9E71C100853948 /* background.png */ = {isa = PBXFileReference; lastKnownFileType = image.png; path = background.png; sourceTree = "<group>"; };
		7D9F8A721F9926FE002DB4B3 /* WeatherTableViewCell.swift */ = {isa = PBXFileReference; lastKnownFileType = sourcecode.swift; path = WeatherTableViewCell.swift; sourceTree = "<group>"; };
		7D9F8A751F992DCD002DB4B3 /* WeatherModel.swift */ = {isa = PBXFileReference; lastKnownFileType = sourcecode.swift; path = WeatherModel.swift; sourceTree = "<group>"; };
		7DE858A81F97DE53005EC540 /* WeatherExample.app */ = {isa = PBXFileReference; explicitFileType = wrapper.application; includeInIndex = 0; path = WeatherExample.app; sourceTree = BUILT_PRODUCTS_DIR; };
		7DE858AB1F97DE53005EC540 /* AppDelegate.swift */ = {isa = PBXFileReference; lastKnownFileType = sourcecode.swift; path = AppDelegate.swift; sourceTree = "<group>"; };
		7DE858AD1F97DE53005EC540 /* ViewController.swift */ = {isa = PBXFileReference; lastKnownFileType = sourcecode.swift; path = ViewController.swift; sourceTree = "<group>"; };
		7DE858B01F97DE53005EC540 /* Base */ = {isa = PBXFileReference; lastKnownFileType = file.storyboard; name = Base; path = Base.lproj/Main.storyboard; sourceTree = "<group>"; };
		7DE858B31F97DE53005EC540 /* WeatherExample.xcdatamodel */ = {isa = PBXFileReference; lastKnownFileType = wrapper.xcdatamodel; path = WeatherExample.xcdatamodel; sourceTree = "<group>"; };
		7DE858B51F97DE53005EC540 /* Assets.xcassets */ = {isa = PBXFileReference; lastKnownFileType = folder.assetcatalog; path = Assets.xcassets; sourceTree = "<group>"; };
		7DE858B81F97DE53005EC540 /* Base */ = {isa = PBXFileReference; lastKnownFileType = file.storyboard; name = Base; path = Base.lproj/LaunchScreen.storyboard; sourceTree = "<group>"; };
		7DE858BA1F97DE53005EC540 /* Info.plist */ = {isa = PBXFileReference; lastKnownFileType = text.plist.xml; path = Info.plist; sourceTree = "<group>"; };
		7DE858C31F97E816005EC540 /* icon.png */ = {isa = PBXFileReference; lastKnownFileType = image.png; path = icon.png; sourceTree = "<group>"; };
/* End PBXFileReference section */

/* Begin PBXFrameworksBuildPhase section */
		7DE858A51F97DE53005EC540 /* Frameworks */ = {
			isa = PBXFrameworksBuildPhase;
			buildActionMask = 2147483647;
			files = (
				A8AA2EED07C7D5B76BE69F38 /* Pods_WeatherExample.framework in Frameworks */,
			);
			runOnlyForDeploymentPostprocessing = 0;
		};
/* End PBXFrameworksBuildPhase section */

/* Begin PBXGroup section */
		0DEE06E96C51AA9A3CFED9FA /* Frameworks */ = {
			isa = PBXGroup;
			children = (
				17CC2F0817C94ECB4282E7FA /* Pods_WeatherExample.framework */,
			);
			name = Frameworks;
			sourceTree = "<group>";
		};
		7D9F8A711F9926EE002DB4B3 /* Cell */ = {
			isa = PBXGroup;
			children = (
				7D9F8A721F9926FE002DB4B3 /* WeatherTableViewCell.swift */,
			);
			path = Cell;
			sourceTree = "<group>";
		};
		7D9F8A741F992DBB002DB4B3 /* Models */ = {
			isa = PBXGroup;
			children = (
				7D9F8A751F992DCD002DB4B3 /* WeatherModel.swift */,
			);
			name = Models;
			sourceTree = "<group>";
		};
		7DE8589F1F97DE53005EC540 = {
			isa = PBXGroup;
			children = (
				7DE858AA1F97DE53005EC540 /* WeatherExample */,
				7DE858A91F97DE53005EC540 /* Products */,
				D827DC879B3D4F79BCDBD857 /* Pods */,
				0DEE06E96C51AA9A3CFED9FA /* Frameworks */,
			);
			sourceTree = "<group>";
		};
		7DE858A91F97DE53005EC540 /* Products */ = {
			isa = PBXGroup;
			children = (
				7DE858A81F97DE53005EC540 /* WeatherExample.app */,
			);
			name = Products;
			sourceTree = "<group>";
		};
		7DE858AA1F97DE53005EC540 /* WeatherExample */ = {
			isa = PBXGroup;
			children = (
				7D9F8A741F992DBB002DB4B3 /* Models */,
				7D9F8A711F9926EE002DB4B3 /* Cell */,
				7DE858C01F97DEC9005EC540 /* images */,
				7DE858AB1F97DE53005EC540 /* AppDelegate.swift */,
				7DE858AD1F97DE53005EC540 /* ViewController.swift */,
				7DE858AF1F97DE53005EC540 /* Main.storyboard */,
				7DE858B51F97DE53005EC540 /* Assets.xcassets */,
				7DE858B71F97DE53005EC540 /* LaunchScreen.storyboard */,
				7DE858BA1F97DE53005EC540 /* Info.plist */,
				7DE858B21F97DE53005EC540 /* WeatherExample.xcdatamodeld */,
			);
			path = WeatherExample;
			sourceTree = "<group>";
		};
		7DE858C01F97DEC9005EC540 /* images */ = {
			isa = PBXGroup;
			children = (
				7D6DDCF21F9E71C100853948 /* background.png */,
				7DE858C31F97E816005EC540 /* icon.png */,
			);
			path = images;
			sourceTree = "<group>";
		};
		D827DC879B3D4F79BCDBD857 /* Pods */ = {
			isa = PBXGroup;
			children = (
				3EE8F7E31A890141F72CCD65 /* Pods-WeatherExample.debug.xcconfig */,
				0F94E6DE8657A5F1B4E12D1C /* Pods-WeatherExample.release.xcconfig */,
			);
			name = Pods;
			sourceTree = "<group>";
		};
/* End PBXGroup section */

/* Begin PBXNativeTarget section */
		7DE858A71F97DE53005EC540 /* WeatherExample */ = {
			isa = PBXNativeTarget;
			buildConfigurationList = 7DE858BD1F97DE53005EC540 /* Build configuration list for PBXNativeTarget "WeatherExample" */;
			buildPhases = (
				219A9DED61BB28C41DB37F7B /* [CP] Check Pods Manifest.lock */,
				7DE858A41F97DE53005EC540 /* Sources */,
				7DE858A51F97DE53005EC540 /* Frameworks */,
				7DE858A61F97DE53005EC540 /* Resources */,
				7D39DB96CD5978612E451220 /* [CP] Embed Pods Frameworks */,
				D4228224364CF48046F175B2 /* [CP] Copy Pods Resources */,
			);
			buildRules = (
			);
			dependencies = (
			);
			name = WeatherExample;
			productName = WeatherExample;
			productReference = 7DE858A81F97DE53005EC540 /* WeatherExample.app */;
			productType = "com.apple.product-type.application";
		};
/* End PBXNativeTarget section */

/* Begin PBXProject section */
		7DE858A01F97DE53005EC540 /* Project object */ = {
			isa = PBXProject;
			attributes = {
				LastSwiftUpdateCheck = 0900;
				LastUpgradeCheck = 0900;
				ORGANIZATIONNAME = "Metin Ağaoğlu";
				TargetAttributes = {
					7DE858A71F97DE53005EC540 = {
						CreatedOnToolsVersion = 9.0;
						ProvisioningStyle = Automatic;
					};
				};
			};
			buildConfigurationList = 7DE858A31F97DE53005EC540 /* Build configuration list for PBXProject "WeatherExample" */;
			compatibilityVersion = "Xcode 8.0";
			developmentRegion = en;
			hasScannedForEncodings = 0;
			knownRegions = (
				en,
				Base,
			);
			mainGroup = 7DE8589F1F97DE53005EC540;
			productRefGroup = 7DE858A91F97DE53005EC540 /* Products */;
			projectDirPath = "";
			projectRoot = "";
			targets = (
				7DE858A71F97DE53005EC540 /* WeatherExample */,
			);
		};
/* End PBXProject section */

/* Begin PBXResourcesBuildPhase section */
		7DE858A61F97DE53005EC540 /* Resources */ = {
			isa = PBXResourcesBuildPhase;
			buildActionMask = 2147483647;
			files = (
				7DE858B91F97DE53005EC540 /* LaunchScreen.storyboard in Resources */,
				7DE858B61F97DE53005EC540 /* Assets.xcassets in Resources */,
				7DE858B11F97DE53005EC540 /* Main.storyboard in Resources */,
			);
			runOnlyForDeploymentPostprocessing = 0;
		};
/* End PBXResourcesBuildPhase section */

/* Begin PBXShellScriptBuildPhase section */
		219A9DED61BB28C41DB37F7B /* [CP] Check Pods Manifest.lock */ = {
			isa = PBXShellScriptBuildPhase;
			buildActionMask = 2147483647;
			files = (
			);
			inputPaths = (
				"${PODS_PODFILE_DIR_PATH}/Podfile.lock",
				"${PODS_ROOT}/Manifest.lock",
			);
			name = "[CP] Check Pods Manifest.lock";
			outputPaths = (
				"$(DERIVED_FILE_DIR)/Pods-WeatherExample-checkManifestLockResult.txt",
			);
			runOnlyForDeploymentPostprocessing = 0;
			shellPath = /bin/sh;
			shellScript = "diff \"${PODS_PODFILE_DIR_PATH}/Podfile.lock\" \"${PODS_ROOT}/Manifest.lock\" > /dev/null\nif [ $? != 0 ] ; then\n    # print error to STDERR\n    echo \"error: The sandbox is not in sync with the Podfile.lock. Run 'pod install' or update your CocoaPods installation.\" >&2\n    exit 1\nfi\n# This output is used by Xcode 'outputs' to avoid re-running this script phase.\necho \"SUCCESS\" > \"${SCRIPT_OUTPUT_FILE_0}\"\n";
			showEnvVarsInLog = 0;
		};
		7D39DB96CD5978612E451220 /* [CP] Embed Pods Frameworks */ = {
			isa = PBXShellScriptBuildPhase;
			buildActionMask = 2147483647;
			files = (
			);
			inputPaths = (
				"${SRCROOT}/Pods/Target Support Files/Pods-WeatherExample/Pods-WeatherExample-frameworks.sh",
				"${BUILT_PRODUCTS_DIR}/Kingfisher/Kingfisher.framework",
			);
			name = "[CP] Embed Pods Frameworks";
			outputPaths = (
				"${TARGET_BUILD_DIR}/${FRAMEWORKS_FOLDER_PATH}/Kingfisher.framework",
			);
			runOnlyForDeploymentPostprocessing = 0;
			shellPath = /bin/sh;
			shellScript = "\"${SRCROOT}/Pods/Target Support Files/Pods-WeatherExample/Pods-WeatherExample-frameworks.sh\"\n";
			showEnvVarsInLog = 0;
		};
		D4228224364CF48046F175B2 /* [CP] Copy Pods Resources */ = {
			isa = PBXShellScriptBuildPhase;
			buildActionMask = 2147483647;
			files = (
			);
			inputPaths = (
			);
			name = "[CP] Copy Pods Resources";
			outputPaths = (
			);
			runOnlyForDeploymentPostprocessing = 0;
			shellPath = /bin/sh;
			shellScript = "\"${SRCROOT}/Pods/Target Support Files/Pods-WeatherExample/Pods-WeatherExample-resources.sh\"\n";
			showEnvVarsInLog = 0;
		};
/* End PBXShellScriptBuildPhase section */

/* Begin PBXSourcesBuildPhase section */
		7DE858A41F97DE53005EC540 /* Sources */ = {
			isa = PBXSourcesBuildPhase;
			buildActionMask = 2147483647;
			files = (
				7D9F8A731F9926FE002DB4B3 /* WeatherTableViewCell.swift in Sources */,
				7DE858B41F97DE53005EC540 /* WeatherExample.xcdatamodeld in Sources */,
				7DE858AE1F97DE53005EC540 /* ViewController.swift in Sources */,
				7DE858AC1F97DE53005EC540 /* AppDelegate.swift in Sources */,
				7D9F8A761F992DCD002DB4B3 /* WeatherModel.swift in Sources */,
			);
			runOnlyForDeploymentPostprocessing = 0;
		};
/* End PBXSourcesBuildPhase section */

/* Begin PBXVariantGroup section */
		7DE858AF1F97DE53005EC540 /* Main.storyboard */ = {
			isa = PBXVariantGroup;
			children = (
				7DE858B01F97DE53005EC540 /* Base */,
			);
			name = Main.storyboard;
			sourceTree = "<group>";
		};
		7DE858B71F97DE53005EC540 /* LaunchScreen.storyboard */ = {
			isa = PBXVariantGroup;
			children = (
				7DE858B81F97DE53005EC540 /* Base */,
			);
			name = LaunchScreen.storyboard;
			sourceTree = "<group>";
		};
/* End PBXVariantGroup section */

/* Begin XCBuildConfiguration section */
		7DE858BB1F97DE53005EC540 /* Debug */ = {
			isa = XCBuildConfiguration;
			buildSettings = {
				ALWAYS_SEARCH_USER_PATHS = NO;
				CLANG_ANALYZER_NONNULL = YES;
				CLANG_ANALYZER_NUMBER_OBJECT_CONVERSION = YES_AGGRESSIVE;
				CLANG_CXX_LANGUAGE_STANDARD = "gnu++14";
				CLANG_CXX_LIBRARY = "libc++";
				CLANG_ENABLE_MODULES = YES;
				CLANG_ENABLE_OBJC_ARC = YES;
				CLANG_WARN_BLOCK_CAPTURE_AUTORELEASING = YES;
				CLANG_WARN_BOOL_CONVERSION = YES;
				CLANG_WARN_COMMA = YES;
				CLANG_WARN_CONSTANT_CONVERSION = YES;
				CLANG_WARN_DIRECT_OBJC_ISA_USAGE = YES_ERROR;
				CLANG_WARN_DOCUMENTATION_COMMENTS = YES;
				CLANG_WARN_EMPTY_BODY = YES;
				CLANG_WARN_ENUM_CONVERSION = YES;
				CLANG_WARN_INFINITE_RECURSION = YES;
				CLANG_WARN_INT_CONVERSION = YES;
				CLANG_WARN_NON_LITERAL_NULL_CONVERSION = YES;
				CLANG_WARN_OBJC_LITERAL_CONVERSION = YES;
				CLANG_WARN_OBJC_ROOT_CLASS = YES_ERROR;
				CLANG_WARN_RANGE_LOOP_ANALYSIS = YES;
				CLANG_WARN_STRICT_PROTOTYPES = YES;
				CLANG_WARN_SUSPICIOUS_MOVE = YES;
				CLANG_WARN_UNGUARDED_AVAILABILITY = YES_AGGRESSIVE;
				CLANG_WARN_UNREACHABLE_CODE = YES;
				CLANG_WARN__DUPLICATE_METHOD_MATCH = YES;
				CODE_SIGN_IDENTITY = "iPhone Developer";
				COPY_PHASE_STRIP = NO;
				DEBUG_INFORMATION_FORMAT = dwarf;
				ENABLE_STRICT_OBJC_MSGSEND = YES;
				ENABLE_TESTABILITY = YES;
				GCC_C_LANGUAGE_STANDARD = gnu11;
				GCC_DYNAMIC_NO_PIC = NO;
				GCC_NO_COMMON_BLOCKS = YES;
				GCC_OPTIMIZATION_LEVEL = 0;
				GCC_PREPROCESSOR_DEFINITIONS = (
					"DEBUG=1",
					"$(inherited)",
				);
				GCC_WARN_64_TO_32_BIT_CONVERSION = YES;
				GCC_WARN_ABOUT_RETURN_TYPE = YES_ERROR;
				GCC_WARN_UNDECLARED_SELECTOR = YES;
				GCC_WARN_UNINITIALIZED_AUTOS = YES_AGGRESSIVE;
				GCC_WARN_UNUSED_FUNCTION = YES;
				GCC_WARN_UNUSED_VARIABLE = YES;
				IPHONEOS_DEPLOYMENT_TARGET = 11.0;
				MTL_ENABLE_DEBUG_INFO = YES;
				ONLY_ACTIVE_ARCH = YES;
				SDKROOT = iphoneos;
				SWIFT_ACTIVE_COMPILATION_CONDITIONS = DEBUG;
				SWIFT_OPTIMIZATION_LEVEL = "-Onone";
			};
			name = Debug;
		};
		7DE858BC1F97DE53005EC540 /* Release */ = {
			isa = XCBuildConfiguration;
			buildSettings = {
				ALWAYS_SEARCH_USER_PATHS = NO;
				CLANG_ANALYZER_NONNULL = YES;
				CLANG_ANALYZER_NUMBER_OBJECT_CONVERSION = YES_AGGRESSIVE;
				CLANG_CXX_LANGUAGE_STANDARD = "gnu++14";
				CLANG_CXX_LIBRARY = "libc++";
				CLANG_ENABLE_MODULES = YES;
				CLANG_ENABLE_OBJC_ARC = YES;
				CLANG_WARN_BLOCK_CAPTURE_AUTORELEASING = YES;
				CLANG_WARN_BOOL_CONVERSION = YES;
				CLANG_WARN_COMMA = YES;
				CLANG_WARN_CONSTANT_CONVERSION = YES;
				CLANG_WARN_DIRECT_OBJC_ISA_USAGE = YES_ERROR;
				CLANG_WARN_DOCUMENTATION_COMMENTS = YES;
				CLANG_WARN_EMPTY_BODY = YES;
				CLANG_WARN_ENUM_CONVERSION = YES;
				CLANG_WARN_INFINITE_RECURSION = YES;
				CLANG_WARN_INT_CONVERSION = YES;
				CLANG_WARN_NON_LITERAL_NULL_CONVERSION = YES;
				CLANG_WARN_OBJC_LITERAL_CONVERSION = YES;
				CLANG_WARN_OBJC_ROOT_CLASS = YES_ERROR;
				CLANG_WARN_RANGE_LOOP_ANALYSIS = YES;
				CLANG_WARN_STRICT_PROTOTYPES = YES;
				CLANG_WARN_SUSPICIOUS_MOVE = YES;
				CLANG_WARN_UNGUARDED_AVAILABILITY = YES_AGGRESSIVE;
				CLANG_WARN_UNREACHABLE_CODE = YES;
				CLANG_WARN__DUPLICATE_METHOD_MATCH = YES;
				CODE_SIGN_IDENTITY = "iPhone Developer";
				COPY_PHASE_STRIP = NO;
				DEBUG_INFORMATION_FORMAT = "dwarf-with-dsym";
				ENABLE_NS_ASSERTIONS = NO;
				ENABLE_STRICT_OBJC_MSGSEND = YES;
				GCC_C_LANGUAGE_STANDARD = gnu11;
				GCC_NO_COMMON_BLOCKS = YES;
				GCC_WARN_64_TO_32_BIT_CONVERSION = YES;
				GCC_WARN_ABOUT_RETURN_TYPE = YES_ERROR;
				GCC_WARN_UNDECLARED_SELECTOR = YES;
				GCC_WARN_UNINITIALIZED_AUTOS = YES_AGGRESSIVE;
				GCC_WARN_UNUSED_FUNCTION = YES;
				GCC_WARN_UNUSED_VARIABLE = YES;
				IPHONEOS_DEPLOYMENT_TARGET = 11.0;
				MTL_ENABLE_DEBUG_INFO = NO;
				SDKROOT = iphoneos;
				SWIFT_OPTIMIZATION_LEVEL = "-Owholemodule";
				VALIDATE_PRODUCT = YES;
			};
			name = Release;
		};
		7DE858BE1F97DE53005EC540 /* Debug */ = {
			isa = XCBuildConfiguration;
			baseConfigurationReference = 3EE8F7E31A890141F72CCD65 /* Pods-WeatherExample.debug.xcconfig */;
			buildSettings = {
				ASSETCATALOG_COMPILER_APPICON_NAME = AppIcon;
				CODE_SIGN_STYLE = Automatic;
				DEVELOPMENT_TEAM = EML647G93P;
				INFOPLIST_FILE = WeatherExample/Info.plist;
				LD_RUNPATH_SEARCH_PATHS = "$(inherited) @executable_path/Frameworks";
				PRODUCT_BUNDLE_IDENTIFIER = agaoglumetin.WeatherExample;
				PRODUCT_NAME = "$(TARGET_NAME)";
				SWIFT_VERSION = 4.0;
				TARGETED_DEVICE_FAMILY = "1,2";
			};
			name = Debug;
		};
		7DE858BF1F97DE53005EC540 /* Release */ = {
			isa = XCBuildConfiguration;
			baseConfigurationReference = 0F94E6DE8657A5F1B4E12D1C /* Pods-WeatherExample.release.xcconfig */;
			buildSettings = {
				ASSETCATALOG_COMPILER_APPICON_NAME = AppIcon;
				CODE_SIGN_STYLE = Automatic;
				DEVELOPMENT_TEAM = EML647G93P;
				INFOPLIST_FILE = WeatherExample/Info.plist;
				LD_RUNPATH_SEARCH_PATHS = "$(inherited) @executable_path/Frameworks";
				PRODUCT_BUNDLE_IDENTIFIER = agaoglumetin.WeatherExample;
				PRODUCT_NAME = "$(TARGET_NAME)";
				SWIFT_VERSION = 4.0;
				TARGETED_DEVICE_FAMILY = "1,2";
			};
			name = Release;
		};
/* End XCBuildConfiguration section */

/* Begin XCConfigurationList section */
		7DE858A31F97DE53005EC540 /* Build configuration list for PBXProject "WeatherExample" */ = {
			isa = XCConfigurationList;
			buildConfigurations = (
				7DE858BB1F97DE53005EC540 /* Debug */,
				7DE858BC1F97DE53005EC540 /* Release */,
			);
			defaultConfigurationIsVisible = 0;
			defaultConfigurationName = Release;
		};
		7DE858BD1F97DE53005EC540 /* Build configuration list for PBXNativeTarget "WeatherExample" */ = {
			isa = XCConfigurationList;
			buildConfigurations = (
				7DE858BE1F97DE53005EC540 /* Debug */,
				7DE858BF1F97DE53005EC540 /* Release */,
			);
			defaultConfigurationIsVisible = 0;
			defaultConfigurationName = Release;
		};
/* End XCConfigurationList section */

/* Begin XCVersionGroup section */
		7DE858B21F97DE53005EC540 /* WeatherExample.xcdatamodeld */ = {
			isa = XCVersionGroup;
			children = (
				7DE858B31F97DE53005EC540 /* WeatherExample.xcdatamodel */,
			);
			currentVersion = 7DE858B31F97DE53005EC540 /* WeatherExample.xcdatamodel */;
			path = WeatherExample.xcdatamodeld;
			sourceTree = "<group>";
			versionGroupType = wrapper.xcdatamodel;
		};
/* End XCVersionGroup section */
	};
	rootObject = 7DE858A01F97DE53005EC540 /* Project object */;
}
